<?xml version="1.0" encoding="UTF-8"?>
<CodeBlocks_project_file>
	<FileVersion major="1" minor="6"/>
	<Project>
		<Option title="Sample"/>
		<Option makefile_is_custom="1"/>
		<Option compiler="gcc"/>
		<Option virtualFolders="CMake Files\;"/>
		<Build>
			<Target title="all">
				<Option working_dir="/home/rilihong/github/RouterServer"/>
				<Option type="4"/>
				<MakeCommands>
					<Build command="/usr/bin/make -j8 -f &quot;/home/rilihong/github/RouterServer/Makefile&quot;  VERBOSE=1 all"/>
					<CompileFile command="/usr/bin/make -j8 -f &quot;/home/rilihong/github/RouterServer/Makefile&quot;  VERBOSE=1 &quot;$file&quot;"/>
					<Clean command="/usr/bin/make -j8 -f &quot;/home/rilihong/github/RouterServer/Makefile&quot;  VERBOSE=1 clean"/>
					<DistClean command="/usr/bin/make -j8 -f &quot;/home/rilihong/github/RouterServer/Makefile&quot;  VERBOSE=1 clean"/>
				</MakeCommands>
			</Target>
			<Target title="rebuild_cache">
				<Option working_dir="/home/rilihong/github/RouterServer"/>
				<Option type="4"/>
				<MakeCommands>
					<Build command="/usr/bin/make -j8 -f &quot;/home/rilihong/github/RouterServer/Makefile&quot;  VERBOSE=1 rebuild_cache"/>
					<CompileFile command="/usr/bin/make -j8 -f &quot;/home/rilihong/github/RouterServer/Makefile&quot;  VERBOSE=1 &quot;$file&quot;"/>
					<Clean command="/usr/bin/make -j8 -f &quot;/home/rilihong/github/RouterServer/Makefile&quot;  VERBOSE=1 clean"/>
					<DistClean command="/usr/bin/make -j8 -f &quot;/home/rilihong/github/RouterServer/Makefile&quot;  VERBOSE=1 clean"/>
				</MakeCommands>
			</Target>
			<Target title="edit_cache">
				<Option working_dir="/home/rilihong/github/RouterServer"/>
				<Option type="4"/>
				<MakeCommands>
					<Build command="/usr/bin/make -j8 -f &quot;/home/rilihong/github/RouterServer/Makefile&quot;  VERBOSE=1 edit_cache"/>
					<CompileFile command="/usr/bin/make -j8 -f &quot;/home/rilihong/github/RouterServer/Makefile&quot;  VERBOSE=1 &quot;$file&quot;"/>
					<Clean command="/usr/bin/make -j8 -f &quot;/home/rilihong/github/RouterServer/Makefile&quot;  VERBOSE=1 clean"/>
					<DistClean command="/usr/bin/make -j8 -f &quot;/home/rilihong/github/RouterServer/Makefile&quot;  VERBOSE=1 clean"/>
				</MakeCommands>
			</Target>
			<Target title="Sample">
				<Option output="/home/rilihong/github/RouterServer/Sample" prefix_auto="0" extension_auto="0"/>
				<Option working_dir="/home/rilihong/github/RouterServer"/>
				<Option object_output="./"/>
				<Option type="1"/>
				<Option compiler="gcc"/>
				<Compiler>
					<Add directory="/usr/include"/>
					<Add directory="/usr/local/include"/>
					<Add directory="/usr/local/boost/include"/>
					<Add directory="/usr/include/c++/5"/>
					<Add directory="/usr/include/x86_64-linux-gnu/c++/5"/>
					<Add directory="/usr/include/c++/5/backward"/>
					<Add directory="/usr/lib/gcc/x86_64-linux-gnu/5/include"/>
					<Add directory="/usr/lib/gcc/x86_64-linux-gnu/5/include-fixed"/>
					<Add directory="/usr/include/x86_64-linux-gnu"/>
					<Add directory="."/>
				</Compiler>
				<MakeCommands>
					<Build command="/usr/bin/make -j8 -f &quot;/home/rilihong/github/RouterServer/Makefile&quot;  VERBOSE=1 Sample"/>
					<CompileFile command="/usr/bin/make -j8 -f &quot;/home/rilihong/github/RouterServer/Makefile&quot;  VERBOSE=1 &quot;$file&quot;"/>
					<Clean command="/usr/bin/make -j8 -f &quot;/home/rilihong/github/RouterServer/Makefile&quot;  VERBOSE=1 clean"/>
					<DistClean command="/usr/bin/make -j8 -f &quot;/home/rilihong/github/RouterServer/Makefile&quot;  VERBOSE=1 clean"/>
				</MakeCommands>
			</Target>
			<Target title="Sample/fast">
				<Option output="/home/rilihong/github/RouterServer/Sample" prefix_auto="0" extension_auto="0"/>
				<Option working_dir="/home/rilihong/github/RouterServer"/>
				<Option object_output="./"/>
				<Option type="1"/>
				<Option compiler="gcc"/>
				<Compiler>
					<Add directory="/usr/include"/>
					<Add directory="/usr/local/include"/>
					<Add directory="/usr/local/boost/include"/>
					<Add directory="/usr/include/c++/5"/>
					<Add directory="/usr/include/x86_64-linux-gnu/c++/5"/>
					<Add directory="/usr/include/c++/5/backward"/>
					<Add directory="/usr/lib/gcc/x86_64-linux-gnu/5/include"/>
					<Add directory="/usr/lib/gcc/x86_64-linux-gnu/5/include-fixed"/>
					<Add directory="/usr/include/x86_64-linux-gnu"/>
					<Add directory="."/>
				</Compiler>
				<MakeCommands>
					<Build command="/usr/bin/make -j8 -f &quot;/home/rilihong/github/RouterServer/Makefile&quot;  VERBOSE=1 Sample/fast"/>
					<CompileFile command="/usr/bin/make -j8 -f &quot;/home/rilihong/github/RouterServer/Makefile&quot;  VERBOSE=1 &quot;$file&quot;"/>
					<Clean command="/usr/bin/make -j8 -f &quot;/home/rilihong/github/RouterServer/Makefile&quot;  VERBOSE=1 clean"/>
					<DistClean command="/usr/bin/make -j8 -f &quot;/home/rilihong/github/RouterServer/Makefile&quot;  VERBOSE=1 clean"/>
				</MakeCommands>
			</Target>
		</Build>
		<Unit filename="/home/rilihong/github/RouterServer/src/BaseFunction.cpp">
			<Option target="Sample"/>
		</Unit>
		<Unit filename="/home/rilihong/github/RouterServer/src/BaseFunction.h">
			<Option target="Sample"/>
		</Unit>
		<Unit filename="/home/rilihong/github/RouterServer/src/BaseMessage.cpp">
			<Option target="Sample"/>
		</Unit>
		<Unit filename="/home/rilihong/github/RouterServer/src/BaseMessage.h">
			<Option target="Sample"/>
		</Unit>
		<Unit filename="/home/rilihong/github/RouterServer/src/BaseMutex.cpp">
			<Option target="Sample"/>
		</Unit>
		<Unit filename="/home/rilihong/github/RouterServer/src/BaseMutex.h">
			<Option target="Sample"/>
		</Unit>
		<Unit filename="/home/rilihong/github/RouterServer/src/BaseRouter.cpp">
			<Option target="Sample"/>
		</Unit>
		<Unit filename="/home/rilihong/github/RouterServer/src/BaseRouter.h">
			<Option target="Sample"/>
		</Unit>
		<Unit filename="/home/rilihong/github/RouterServer/src/BaseType.h">
			<Option target="Sample"/>
		</Unit>
		<Unit filename="/home/rilihong/github/RouterServer/src/RouterRunSample.cpp">
			<Option target="Sample"/>
		</Unit>
		<Unit filename="/home/rilihong/github/RouterServer/src/TimerTask.cpp">
			<Option target="Sample"/>
		</Unit>
		<Unit filename="/home/rilihong/github/RouterServer/src/TimerTask.h">
			<Option target="Sample"/>
		</Unit>
		<Unit filename="/home/rilihong/github/RouterServer/CMakeLists.txt">
			<Option virtualFolder="CMake Files\"/>
		</Unit>
	</Project>
</CodeBlocks_project_file>
